
Microsoft Visual Studio Solution File, Format Version 12.00
# Visual Studio 15
VisualStudioVersion = 15.0.27004.2005
MinimumVisualStudioVersion = 10.0.40219.1
Project("{2150E333-8FDC-42A3-9474-1A3956D46DE8}") = "1_Command", "1_Command", "{946DF9AB-3B9C-407F-8AFB-E971114361BA}"
EndProject
Project("{FAE04EC0-301F-11D3-BF4B-00C04F79EFBC}") = "Console.Command1", "Console.Command1\Console.Command1.csproj", "{1A6F9E47-55E1-448D-B306-C3797A7105FD}"
EndProject
Project("{FAE04EC0-301F-11D3-BF4B-00C04F79EFBC}") = "Console.Command.Structural", "Console.Command.Structural\Console.Command.Structural.csproj", "{1D8BD6EB-1C92-4A4D-ACBF-49069E2DA1C3}"
EndProject
Project("{FAE04EC0-301F-11D3-BF4B-00C04F79EFBC}") = "Console.Command2", "Console.Command2\Console.Command2.csproj", "{D425EDE8-6A84-4A19-B98D-A994D987852B}"
EndProject
Project("{2150E333-8FDC-42A3-9474-1A3956D46DE8}") = "2_NullObject", "2_NullObject", "{A785F21A-05E9-450A-AED8-5A654B8C1993}"
EndProject
Project("{FAE04EC0-301F-11D3-BF4B-00C04F79EFBC}") = "Console.NullObject1", "Console.NullObject\Console.NullObject1.csproj", "{9D265658-DDBA-4988-8C68-07B2E45D8885}"
EndProject
Project("{FAE04EC0-301F-11D3-BF4B-00C04F79EFBC}") = "Console.NullObject2", "Console.NullObject2\Console.NullObject2.csproj", "{B66732A2-C3DD-4252-A5EF-F591DA802400}"
EndProject
Project("{2150E333-8FDC-42A3-9474-1A3956D46DE8}") = "3_Decorator", "3_Decorator", "{BAFA3AAD-BADB-453F-A9CE-F2BB4CB6E8AC}"
EndProject
Project("{FAE04EC0-301F-11D3-BF4B-00C04F79EFBC}") = "Console.Decorator.Structural", "Console.Decorator.Structural\Console.Decorator.Structural.csproj", "{8D78311B-1E0A-4F97-AF97-F21A715091DB}"
EndProject
Project("{FAE04EC0-301F-11D3-BF4B-00C04F79EFBC}") = "Console.Decorator1", "Console.Decorator1\Console.Decorator1.csproj", "{26B71086-5EDA-4878-88F4-170CA50D92CF}"
EndProject
Project("{FAE04EC0-301F-11D3-BF4B-00C04F79EFBC}") = "Console.Decorator2", "Console.Decorator2\Console.Decorator2.csproj", "{35C481C3-FE8B-4EA4-A942-04F1B7D0A352}"
EndProject
Project("{2150E333-8FDC-42A3-9474-1A3956D46DE8}") = "4_Adapter", "4_Adapter", "{C9DC9A55-AB1C-4967-9950-95F5E1EC05DD}"
EndProject
Project("{FAE04EC0-301F-11D3-BF4B-00C04F79EFBC}") = "Console.Adapter.Structural", "Console.Adapter.Structural\Console.Adapter.Structural.csproj", "{B0A28DA3-0463-4D70-B7DF-98143BA05401}"
EndProject
Project("{FAE04EC0-301F-11D3-BF4B-00C04F79EFBC}") = "Console.Adapter1", "Console.Adapter1\Console.Adapter1.csproj", "{E0EFC8DE-FF5C-4409-9BBC-8358D0E9B822}"
EndProject
Project("{FAE04EC0-301F-11D3-BF4B-00C04F79EFBC}") = "Console.Adapter2", "Console.Adapter2\Console.Adapter2.csproj", "{E8BB7C72-49B4-429C-8039-E4AF07CA485A}"
EndProject
Project("{FAE04EC0-301F-11D3-BF4B-00C04F79EFBC}") = "Console.Adapter3", "Console.Adapter3\Console.Adapter3.csproj", "{8AD84ADF-44BD-4F30-AF8E-BB5746507D7B}"
EndProject
Global
	GlobalSection(SolutionConfigurationPlatforms) = preSolution
		Debug|Any CPU = Debug|Any CPU
		Release|Any CPU = Release|Any CPU
	EndGlobalSection
	GlobalSection(ProjectConfigurationPlatforms) = postSolution
		{1A6F9E47-55E1-448D-B306-C3797A7105FD}.Debug|Any CPU.ActiveCfg = Debug|Any CPU
		{1A6F9E47-55E1-448D-B306-C3797A7105FD}.Debug|Any CPU.Build.0 = Debug|Any CPU
		{1A6F9E47-55E1-448D-B306-C3797A7105FD}.Release|Any CPU.ActiveCfg = Release|Any CPU
		{1A6F9E47-55E1-448D-B306-C3797A7105FD}.Release|Any CPU.Build.0 = Release|Any CPU
		{1D8BD6EB-1C92-4A4D-ACBF-49069E2DA1C3}.Debug|Any CPU.ActiveCfg = Debug|Any CPU
		{1D8BD6EB-1C92-4A4D-ACBF-49069E2DA1C3}.Debug|Any CPU.Build.0 = Debug|Any CPU
		{1D8BD6EB-1C92-4A4D-ACBF-49069E2DA1C3}.Release|Any CPU.ActiveCfg = Release|Any CPU
		{1D8BD6EB-1C92-4A4D-ACBF-49069E2DA1C3}.Release|Any CPU.Build.0 = Release|Any CPU
		{D425EDE8-6A84-4A19-B98D-A994D987852B}.Debug|Any CPU.ActiveCfg = Debug|Any CPU
		{D425EDE8-6A84-4A19-B98D-A994D987852B}.Debug|Any CPU.Build.0 = Debug|Any CPU
		{D425EDE8-6A84-4A19-B98D-A994D987852B}.Release|Any CPU.ActiveCfg = Release|Any CPU
		{D425EDE8-6A84-4A19-B98D-A994D987852B}.Release|Any CPU.Build.0 = Release|Any CPU
		{9D265658-DDBA-4988-8C68-07B2E45D8885}.Debug|Any CPU.ActiveCfg = Debug|Any CPU
		{9D265658-DDBA-4988-8C68-07B2E45D8885}.Debug|Any CPU.Build.0 = Debug|Any CPU
		{9D265658-DDBA-4988-8C68-07B2E45D8885}.Release|Any CPU.ActiveCfg = Release|Any CPU
		{9D265658-DDBA-4988-8C68-07B2E45D8885}.Release|Any CPU.Build.0 = Release|Any CPU
		{B66732A2-C3DD-4252-A5EF-F591DA802400}.Debug|Any CPU.ActiveCfg = Debug|Any CPU
		{B66732A2-C3DD-4252-A5EF-F591DA802400}.Debug|Any CPU.Build.0 = Debug|Any CPU
		{B66732A2-C3DD-4252-A5EF-F591DA802400}.Release|Any CPU.ActiveCfg = Release|Any CPU
		{B66732A2-C3DD-4252-A5EF-F591DA802400}.Release|Any CPU.Build.0 = Release|Any CPU
		{8D78311B-1E0A-4F97-AF97-F21A715091DB}.Debug|Any CPU.ActiveCfg = Debug|Any CPU
		{8D78311B-1E0A-4F97-AF97-F21A715091DB}.Debug|Any CPU.Build.0 = Debug|Any CPU
		{8D78311B-1E0A-4F97-AF97-F21A715091DB}.Release|Any CPU.ActiveCfg = Release|Any CPU
		{8D78311B-1E0A-4F97-AF97-F21A715091DB}.Release|Any CPU.Build.0 = Release|Any CPU
		{26B71086-5EDA-4878-88F4-170CA50D92CF}.Debug|Any CPU.ActiveCfg = Debug|Any CPU
		{26B71086-5EDA-4878-88F4-170CA50D92CF}.Debug|Any CPU.Build.0 = Debug|Any CPU
		{26B71086-5EDA-4878-88F4-170CA50D92CF}.Release|Any CPU.ActiveCfg = Release|Any CPU
		{26B71086-5EDA-4878-88F4-170CA50D92CF}.Release|Any CPU.Build.0 = Release|Any CPU
		{35C481C3-FE8B-4EA4-A942-04F1B7D0A352}.Debug|Any CPU.ActiveCfg = Debug|Any CPU
		{35C481C3-FE8B-4EA4-A942-04F1B7D0A352}.Debug|Any CPU.Build.0 = Debug|Any CPU
		{35C481C3-FE8B-4EA4-A942-04F1B7D0A352}.Release|Any CPU.ActiveCfg = Release|Any CPU
		{35C481C3-FE8B-4EA4-A942-04F1B7D0A352}.Release|Any CPU.Build.0 = Release|Any CPU
		{B0A28DA3-0463-4D70-B7DF-98143BA05401}.Debug|Any CPU.ActiveCfg = Debug|Any CPU
		{B0A28DA3-0463-4D70-B7DF-98143BA05401}.Debug|Any CPU.Build.0 = Debug|Any CPU
		{B0A28DA3-0463-4D70-B7DF-98143BA05401}.Release|Any CPU.ActiveCfg = Release|Any CPU
		{B0A28DA3-0463-4D70-B7DF-98143BA05401}.Release|Any CPU.Build.0 = Release|Any CPU
		{E0EFC8DE-FF5C-4409-9BBC-8358D0E9B822}.Debug|Any CPU.ActiveCfg = Debug|Any CPU
		{E0EFC8DE-FF5C-4409-9BBC-8358D0E9B822}.Debug|Any CPU.Build.0 = Debug|Any CPU
		{E0EFC8DE-FF5C-4409-9BBC-8358D0E9B822}.Release|Any CPU.ActiveCfg = Release|Any CPU
		{E0EFC8DE-FF5C-4409-9BBC-8358D0E9B822}.Release|Any CPU.Build.0 = Release|Any CPU
		{E8BB7C72-49B4-429C-8039-E4AF07CA485A}.Debug|Any CPU.ActiveCfg = Debug|Any CPU
		{E8BB7C72-49B4-429C-8039-E4AF07CA485A}.Debug|Any CPU.Build.0 = Debug|Any CPU
		{E8BB7C72-49B4-429C-8039-E4AF07CA485A}.Release|Any CPU.ActiveCfg = Release|Any CPU
		{E8BB7C72-49B4-429C-8039-E4AF07CA485A}.Release|Any CPU.Build.0 = Release|Any CPU
		{8AD84ADF-44BD-4F30-AF8E-BB5746507D7B}.Debug|Any CPU.ActiveCfg = Debug|Any CPU
		{8AD84ADF-44BD-4F30-AF8E-BB5746507D7B}.Debug|Any CPU.Build.0 = Debug|Any CPU
		{8AD84ADF-44BD-4F30-AF8E-BB5746507D7B}.Release|Any CPU.ActiveCfg = Release|Any CPU
		{8AD84ADF-44BD-4F30-AF8E-BB5746507D7B}.Release|Any CPU.Build.0 = Release|Any CPU
	EndGlobalSection
	GlobalSection(SolutionProperties) = preSolution
		HideSolutionNode = FALSE
	EndGlobalSection
	GlobalSection(NestedProjects) = preSolution
		{1A6F9E47-55E1-448D-B306-C3797A7105FD} = {946DF9AB-3B9C-407F-8AFB-E971114361BA}
		{1D8BD6EB-1C92-4A4D-ACBF-49069E2DA1C3} = {946DF9AB-3B9C-407F-8AFB-E971114361BA}
		{D425EDE8-6A84-4A19-B98D-A994D987852B} = {946DF9AB-3B9C-407F-8AFB-E971114361BA}
		{9D265658-DDBA-4988-8C68-07B2E45D8885} = {A785F21A-05E9-450A-AED8-5A654B8C1993}
		{B66732A2-C3DD-4252-A5EF-F591DA802400} = {A785F21A-05E9-450A-AED8-5A654B8C1993}
		{8D78311B-1E0A-4F97-AF97-F21A715091DB} = {BAFA3AAD-BADB-453F-A9CE-F2BB4CB6E8AC}
		{26B71086-5EDA-4878-88F4-170CA50D92CF} = {BAFA3AAD-BADB-453F-A9CE-F2BB4CB6E8AC}
		{35C481C3-FE8B-4EA4-A942-04F1B7D0A352} = {BAFA3AAD-BADB-453F-A9CE-F2BB4CB6E8AC}
		{B0A28DA3-0463-4D70-B7DF-98143BA05401} = {C9DC9A55-AB1C-4967-9950-95F5E1EC05DD}
		{E0EFC8DE-FF5C-4409-9BBC-8358D0E9B822} = {C9DC9A55-AB1C-4967-9950-95F5E1EC05DD}
		{E8BB7C72-49B4-429C-8039-E4AF07CA485A} = {C9DC9A55-AB1C-4967-9950-95F5E1EC05DD}
		{8AD84ADF-44BD-4F30-AF8E-BB5746507D7B} = {C9DC9A55-AB1C-4967-9950-95F5E1EC05DD}
	EndGlobalSection
	GlobalSection(ExtensibilityGlobals) = postSolution
		SolutionGuid = {8A088C1C-93D0-4846-983B-3C9ADB3C5E7E}
	EndGlobalSection
EndGlobal
