
Microsoft Visual Studio Solution File, Format Version 12.00
# Visual Studio Version 16
VisualStudioVersion = 16.0.29424.173
MinimumVisualStudioVersion = 10.0.40219.1
Project("{FAE04EC0-301F-11D3-BF4B-00C04F79EFBC}") = "Api", "Api\Api.csproj", "{D21E07B2-7007-4481-8BFB-14CEFE3AEB17}"
EndProject
Project("{E53339B2-1760-4266-BCC7-CA923CBCF16C}") = "docker-compose", "docker-compose.dcproj", "{D0248AC4-ECE6-4F38-9EE7-59CED1276BC5}"
EndProject
Project("{2150E333-8FDC-42A3-9474-1A3956D46DE8}") = "support", "support", "{EBF2DD1E-54A9-46D9-8515-4C802A1EA080}"
	ProjectSection(SolutionItems) = preProject
		nginx\nginx.conf = nginx\nginx.conf
	EndProjectSection
EndProject
Global
	GlobalSection(SolutionConfigurationPlatforms) = preSolution
		Debug|Any CPU = Debug|Any CPU
		Release|Any CPU = Release|Any CPU
	EndGlobalSection
	GlobalSection(ProjectConfigurationPlatforms) = postSolution
		{D21E07B2-7007-4481-8BFB-14CEFE3AEB17}.Debug|Any CPU.ActiveCfg = Debug|Any CPU
		{D21E07B2-7007-4481-8BFB-14CEFE3AEB17}.Debug|Any CPU.Build.0 = Debug|Any CPU
		{D21E07B2-7007-4481-8BFB-14CEFE3AEB17}.Release|Any CPU.ActiveCfg = Release|Any CPU
		{D21E07B2-7007-4481-8BFB-14CEFE3AEB17}.Release|Any CPU.Build.0 = Release|Any CPU
		{D0248AC4-ECE6-4F38-9EE7-59CED1276BC5}.Debug|Any CPU.ActiveCfg = Debug|Any CPU
		{D0248AC4-ECE6-4F38-9EE7-59CED1276BC5}.Debug|Any CPU.Build.0 = Debug|Any CPU
		{D0248AC4-ECE6-4F38-9EE7-59CED1276BC5}.Release|Any CPU.ActiveCfg = Release|Any CPU
		{D0248AC4-ECE6-4F38-9EE7-59CED1276BC5}.Release|Any CPU.Build.0 = Release|Any CPU
	EndGlobalSection
	GlobalSection(SolutionProperties) = preSolution
		HideSolutionNode = FALSE
	EndGlobalSection
	GlobalSection(ExtensibilityGlobals) = postSolution
		SolutionGuid = {E3198DF6-B943-413C-94F8-574484513DCE}
	EndGlobalSection
EndGlobal
