
Microsoft Visual Studio Solution File, Format Version 12.00
# Visual Studio 14
VisualStudioVersion = 14.0.25420.1
MinimumVisualStudioVersion = 10.0.40219.1
Project("{FAE04EC0-301F-11D3-BF4B-00C04F79EFBC}") = "TaxApp.Logic", "TaxApp.Logic\TaxApp.Logic.csproj", "{5C1C7BE0-1566-413F-9244-C66B00FEC054}"
EndProject
Project("{FAE04EC0-301F-11D3-BF4B-00C04F79EFBC}") = "TaxApp.Data", "TaxApp.Data\TaxApp.Data.csproj", "{FFAADA17-B045-47C4-B451-4877B85FB28D}"
EndProject
Project("{2150E333-8FDC-42A3-9474-1A3956D46DE8}") = "1_Example1", "1_Example1", "{91425525-4EF7-465C-B1E8-FDBEA728E231}"
EndProject
Project("{2150E333-8FDC-42A3-9474-1A3956D46DE8}") = "2_Example2", "2_Example2", "{E6960CD6-865C-44F1-8C6A-6091049F7012}"
EndProject
Project("{2150E333-8FDC-42A3-9474-1A3956D46DE8}") = "0_Common", "0_Common", "{2829D548-48C3-4556-A16F-1E9CD9C4B29D}"
EndProject
Project("{FAE04EC0-301F-11D3-BF4B-00C04F79EFBC}") = "Example1", "Example1\Example1.csproj", "{592D7CBF-9094-426C-87AB-17C47A8D2ADE}"
EndProject
Project("{FAE04EC0-301F-11D3-BF4B-00C04F79EFBC}") = "Example2", "Example2\Example2.csproj", "{394A4E9B-EAA7-4A96-8DBA-7214278023DD}"
EndProject
Project("{2150E333-8FDC-42A3-9474-1A3956D46DE8}") = "3_Example3", "3_Example3", "{F0D0B90D-6817-43D8-8CDF-AC94E399A9C0}"
EndProject
Project("{FAE04EC0-301F-11D3-BF4B-00C04F79EFBC}") = "Example3", "Example3\Example3.csproj", "{52C67562-BC54-462C-8963-037BDFC8F323}"
EndProject
Project("{FAE04EC0-301F-11D3-BF4B-00C04F79EFBC}") = "TaxApp.Modules", "TaxApp.Module\TaxApp.Modules.csproj", "{A2A4C4F3-B421-47A3-88E8-96EEF3CA1A59}"
EndProject
Project("{2150E333-8FDC-42A3-9474-1A3956D46DE8}") = "4_UnitTest", "4_UnitTest", "{288D70A6-CA67-4DEF-ABE1-D25A77DE94C0}"
EndProject
Project("{FAE04EC0-301F-11D3-BF4B-00C04F79EFBC}") = "UnitTestProject1", "UnitTestProject1\UnitTestProject1.csproj", "{8EDD0158-BED6-4C26-9602-33ADE886A75B}"
EndProject
Project("{2150E333-8FDC-42A3-9474-1A3956D46DE8}") = "5_WPF", "5_WPF", "{ED751164-47EE-4395-AEEE-B29D47E52101}"
EndProject
Project("{FAE04EC0-301F-11D3-BF4B-00C04F79EFBC}") = "TaxApp.WPF", "TaxApp.WPF\TaxApp.WPF.csproj", "{BDAA9D8E-4F0E-4E5D-A8E9-0969C48375C9}"
EndProject
Project("{FAE04EC0-301F-11D3-BF4B-00C04F79EFBC}") = "TaxApp.Common", "TaxApp.Common\TaxApp.Common.csproj", "{B6D69350-858F-448E-8D7D-246D440A1603}"
EndProject
Global
	GlobalSection(SolutionConfigurationPlatforms) = preSolution
		Debug|Any CPU = Debug|Any CPU
		Release|Any CPU = Release|Any CPU
	EndGlobalSection
	GlobalSection(ProjectConfigurationPlatforms) = postSolution
		{5C1C7BE0-1566-413F-9244-C66B00FEC054}.Debug|Any CPU.ActiveCfg = Debug|Any CPU
		{5C1C7BE0-1566-413F-9244-C66B00FEC054}.Debug|Any CPU.Build.0 = Debug|Any CPU
		{5C1C7BE0-1566-413F-9244-C66B00FEC054}.Release|Any CPU.ActiveCfg = Release|Any CPU
		{5C1C7BE0-1566-413F-9244-C66B00FEC054}.Release|Any CPU.Build.0 = Release|Any CPU
		{FFAADA17-B045-47C4-B451-4877B85FB28D}.Debug|Any CPU.ActiveCfg = Debug|Any CPU
		{FFAADA17-B045-47C4-B451-4877B85FB28D}.Debug|Any CPU.Build.0 = Debug|Any CPU
		{FFAADA17-B045-47C4-B451-4877B85FB28D}.Release|Any CPU.ActiveCfg = Release|Any CPU
		{FFAADA17-B045-47C4-B451-4877B85FB28D}.Release|Any CPU.Build.0 = Release|Any CPU
		{592D7CBF-9094-426C-87AB-17C47A8D2ADE}.Debug|Any CPU.ActiveCfg = Debug|Any CPU
		{592D7CBF-9094-426C-87AB-17C47A8D2ADE}.Debug|Any CPU.Build.0 = Debug|Any CPU
		{592D7CBF-9094-426C-87AB-17C47A8D2ADE}.Release|Any CPU.ActiveCfg = Release|Any CPU
		{592D7CBF-9094-426C-87AB-17C47A8D2ADE}.Release|Any CPU.Build.0 = Release|Any CPU
		{394A4E9B-EAA7-4A96-8DBA-7214278023DD}.Debug|Any CPU.ActiveCfg = Debug|Any CPU
		{394A4E9B-EAA7-4A96-8DBA-7214278023DD}.Debug|Any CPU.Build.0 = Debug|Any CPU
		{394A4E9B-EAA7-4A96-8DBA-7214278023DD}.Release|Any CPU.ActiveCfg = Release|Any CPU
		{394A4E9B-EAA7-4A96-8DBA-7214278023DD}.Release|Any CPU.Build.0 = Release|Any CPU
		{52C67562-BC54-462C-8963-037BDFC8F323}.Debug|Any CPU.ActiveCfg = Debug|Any CPU
		{52C67562-BC54-462C-8963-037BDFC8F323}.Debug|Any CPU.Build.0 = Debug|Any CPU
		{52C67562-BC54-462C-8963-037BDFC8F323}.Release|Any CPU.ActiveCfg = Release|Any CPU
		{52C67562-BC54-462C-8963-037BDFC8F323}.Release|Any CPU.Build.0 = Release|Any CPU
		{A2A4C4F3-B421-47A3-88E8-96EEF3CA1A59}.Debug|Any CPU.ActiveCfg = Debug|Any CPU
		{A2A4C4F3-B421-47A3-88E8-96EEF3CA1A59}.Debug|Any CPU.Build.0 = Debug|Any CPU
		{A2A4C4F3-B421-47A3-88E8-96EEF3CA1A59}.Release|Any CPU.ActiveCfg = Release|Any CPU
		{A2A4C4F3-B421-47A3-88E8-96EEF3CA1A59}.Release|Any CPU.Build.0 = Release|Any CPU
		{8EDD0158-BED6-4C26-9602-33ADE886A75B}.Debug|Any CPU.ActiveCfg = Debug|Any CPU
		{8EDD0158-BED6-4C26-9602-33ADE886A75B}.Debug|Any CPU.Build.0 = Debug|Any CPU
		{8EDD0158-BED6-4C26-9602-33ADE886A75B}.Release|Any CPU.ActiveCfg = Release|Any CPU
		{8EDD0158-BED6-4C26-9602-33ADE886A75B}.Release|Any CPU.Build.0 = Release|Any CPU
		{BDAA9D8E-4F0E-4E5D-A8E9-0969C48375C9}.Debug|Any CPU.ActiveCfg = Debug|Any CPU
		{BDAA9D8E-4F0E-4E5D-A8E9-0969C48375C9}.Debug|Any CPU.Build.0 = Debug|Any CPU
		{BDAA9D8E-4F0E-4E5D-A8E9-0969C48375C9}.Release|Any CPU.ActiveCfg = Release|Any CPU
		{BDAA9D8E-4F0E-4E5D-A8E9-0969C48375C9}.Release|Any CPU.Build.0 = Release|Any CPU
		{B6D69350-858F-448E-8D7D-246D440A1603}.Debug|Any CPU.ActiveCfg = Debug|Any CPU
		{B6D69350-858F-448E-8D7D-246D440A1603}.Debug|Any CPU.Build.0 = Debug|Any CPU
		{B6D69350-858F-448E-8D7D-246D440A1603}.Release|Any CPU.ActiveCfg = Release|Any CPU
		{B6D69350-858F-448E-8D7D-246D440A1603}.Release|Any CPU.Build.0 = Release|Any CPU
	EndGlobalSection
	GlobalSection(SolutionProperties) = preSolution
		HideSolutionNode = FALSE
	EndGlobalSection
	GlobalSection(NestedProjects) = preSolution
		{5C1C7BE0-1566-413F-9244-C66B00FEC054} = {2829D548-48C3-4556-A16F-1E9CD9C4B29D}
		{FFAADA17-B045-47C4-B451-4877B85FB28D} = {2829D548-48C3-4556-A16F-1E9CD9C4B29D}
		{592D7CBF-9094-426C-87AB-17C47A8D2ADE} = {91425525-4EF7-465C-B1E8-FDBEA728E231}
		{394A4E9B-EAA7-4A96-8DBA-7214278023DD} = {E6960CD6-865C-44F1-8C6A-6091049F7012}
		{52C67562-BC54-462C-8963-037BDFC8F323} = {F0D0B90D-6817-43D8-8CDF-AC94E399A9C0}
		{A2A4C4F3-B421-47A3-88E8-96EEF3CA1A59} = {2829D548-48C3-4556-A16F-1E9CD9C4B29D}
		{8EDD0158-BED6-4C26-9602-33ADE886A75B} = {288D70A6-CA67-4DEF-ABE1-D25A77DE94C0}
		{BDAA9D8E-4F0E-4E5D-A8E9-0969C48375C9} = {ED751164-47EE-4395-AEEE-B29D47E52101}
		{B6D69350-858F-448E-8D7D-246D440A1603} = {2829D548-48C3-4556-A16F-1E9CD9C4B29D}
	EndGlobalSection
EndGlobal
